PODS:
  - XVIEWImageManager (0.1.8)

DEPENDENCIES:
  - XVIEWImageManager (from `../`)

EXTERNAL SOURCES:
  XVIEWImageManager:
    :path: "../"

SPEC CHECKSUMS:
  XVIEWImageManager: 8ad17079c3dab9d243dec981793ad27dfb5e853b

PODFILE CHECKSUM: 21a11a13705f4808957996fe2d4a188f8b4cc88f

COCOAPODS: 1.5.3
