PODS:
  - XVIEWImageManager (0.2.2)

DEPENDENCIES:
  - XVIEWImageManager (from `../`)

EXTERNAL SOURCES:
  XVIEWImageManager:
    :path: "../"

SPEC CHECKSUMS:
  XVIEWImageManager: e16d564adeda0a804bc279c3c7cb7c2719aefccf

PODFILE CHECKSUM: 21a11a13705f4808957996fe2d4a188f8b4cc88f

COCOAPODS: 1.5.3
